// !$*UTF8*$!
{
	archiveVersion = 1;
	classes = {
	};
	objectVersion = 46;
	objects = {

/* Begin PBXBuildFile section */
		2C61299F172704370037E014 /* MapKit.framework in Frameworks */ = {isa = PBXBuildFile; fileRef = 2C61299E172704370037E014 /* MapKit.framework */; };
		2C6129A31727046F0037E014 /* Airport.m in Sources */ = {isa = PBXBuildFile; fileRef = 2C6129A11727046F0037E014 /* Airport.m */; };
		2C6129A41727046F0037E014 /* Airports.plist in Resources */ = {isa = PBXBuildFile; fileRef = 2C6129A21727046F0037E014 /* Airports.plist */; };
		69ED7024CBFB1081FEA7DDFF /* MIPointList.m in Sources */ = {isa = PBXBuildFile; fileRef = 69ED738B0615AE2A0B908266 /* MIPointList.m */; };
		69ED705C3029606FC8D8E0B1 /* MIAnnotation.m in Sources */ = {isa = PBXBuildFile; fileRef = 69ED7DE87591529D6662B9AA /* MIAnnotation.m */; };
		69ED706915007AEF794490CB /* MIAscendingTransaction.m in Sources */ = {isa = PBXBuildFile; fileRef = 69ED7EB308979E8A4D3A0A08 /* MIAscendingTransaction.m */; };
		69ED70E70C29B3627ED90D26 /* NSMutableSet+SDCountTracking.m in Sources */ = {isa = PBXBuildFile; fileRef = 69ED7B1FC09083BA988A70DB /* NSMutableSet+SDCountTracking.m */; };
		69ED71D31D8C1117E4DB1D03 /* ViewController_iPhone.xib in Resources */ = {isa = PBXBuildFile; fileRef = 69ED74FA5CEAA590DE89AB38 /* ViewController_iPhone.xib */; };
		69ED7332823B1126D5EDDB5B /* NSValue+CLLocationCoordinate2D.m in Sources */ = {isa = PBXBuildFile; fileRef = 69ED7D8ED150B33AFC3E0630 /* NSValue+CLLocationCoordinate2D.m */; };
		69ED735450CF50C09569A078 /* CoreGraphics.framework in Frameworks */ = {isa = PBXBuildFile; fileRef = 69ED7781C6C99234A5CA9205 /* CoreGraphics.framework */; };
		69ED7390030F32E9E4333304 /* Default-568h@2x.png in Resources */ = {isa = PBXBuildFile; fileRef = 69ED7D90A5F6D3EBED2ED242 /* Default-568h@2x.png */; };
		69ED74E54088EA1CBBC6C147 /* NSMutableDictionary+SetInsertion.m in Sources */ = {isa = PBXBuildFile; fileRef = 69ED737DAFB5A2A61FA935AC /* NSMutableDictionary+SetInsertion.m */; };
		69ED74EBF4855D54B5E93055 /* MISpatialIndex.m in Sources */ = {isa = PBXBuildFile; fileRef = 69ED72E85E58EE7A0B707EF5 /* MISpatialIndex.m */; };
		69ED750150BDB4E987CDDCB8 /* UIKit.framework in Frameworks */ = {isa = PBXBuildFile; fileRef = 69ED7635C202B6EC70A91504 /* UIKit.framework */; };
		69ED75A06D8A0461DE86771D /* MKMapView+SDTransforms.m in Sources */ = {isa = PBXBuildFile; fileRef = 69ED799B7445925989764621 /* MKMapView+SDTransforms.m */; };
		69ED7619FD2D1902F5BD6F24 /* Default.png in Resources */ = {isa = PBXBuildFile; fileRef = 69ED7E11FD3906E4FC0A4303 /* Default.png */; };
		69ED764E453BB6AB3126E1CA /* Default@2x.png in Resources */ = {isa = PBXBuildFile; fileRef = 69ED71110763B23F8DA50640 /* Default@2x.png */; };
		69ED76C3DBDE3B91847F09B5 /* MITransactionFactory.m in Sources */ = {isa = PBXBuildFile; fileRef = 69ED7C589A0A50BB8348700A /* MITransactionFactory.m */; };
		69ED76EDF2C3DB68F77FFC59 /* MIQuadTree.m in Sources */ = {isa = PBXBuildFile; fileRef = 69ED7FE65388665AEEB6A113 /* MIQuadTree.m */; };
		69ED776C89A658A0CDF7FAD6 /* Foundation.framework in Frameworks */ = {isa = PBXBuildFile; fileRef = 69ED713407A54249AF2D6F8C /* Foundation.framework */; };
		69ED77C1DE5990073EAAF637 /* ViewController_iPad.xib in Resources */ = {isa = PBXBuildFile; fileRef = 69ED7722EFFD969CB7CA4EBB /* ViewController_iPad.xib */; };
		69ED77DE199BF9E47E8E1A74 /* AppDelegate.m in Sources */ = {isa = PBXBuildFile; fileRef = 69ED73AB70D1D5BB010436B3 /* AppDelegate.m */; };
		69ED7AABAD2CC0F1777C8C37 /* MIRegularTransaction.m in Sources */ = {isa = PBXBuildFile; fileRef = 69ED73BD914CD5C714C610A8 /* MIRegularTransaction.m */; };
		69ED7AD6F418406CCE3FDA7A /* main.m in Sources */ = {isa = PBXBuildFile; fileRef = 69ED7FD9EFDB0538AC37AA36 /* main.m */; };
		69ED7B253A3B16E6706B4B7F /* MIMapView.m in Sources */ = {isa = PBXBuildFile; fileRef = 69ED7D2529CC0918A667DF3C /* MIMapView.m */; };
		69ED7C0B6BBDD7440F635D78 /* ViewController.m in Sources */ = {isa = PBXBuildFile; fileRef = 69ED7274B9A51EE2646F4032 /* ViewController.m */; };
		69ED7C213C9AF61C24B1C3C0 /* MIDescendingTransaction.m in Sources */ = {isa = PBXBuildFile; fileRef = 69ED77716E8A9B0DF031D819 /* MIDescendingTransaction.m */; };
		69ED7E6B1FAF359EAB5201E0 /* NSInvocation+SDExtension.m in Sources */ = {isa = PBXBuildFile; fileRef = 69ED7499780A7EEDDBA599FD /* NSInvocation+SDExtension.m */; };
		69ED7F94A7551B1BBABA1D9A /* MITransaction.m in Sources */ = {isa = PBXBuildFile; fileRef = 69ED76B89F9F23E932FE2F8A /* MITransaction.m */; };
		69ED7F956B0F475467997A26 /* InfoPlist.strings in Resources */ = {isa = PBXBuildFile; fileRef = 69ED79FBC3E1D034E6557470 /* InfoPlist.strings */; };
/* End PBXBuildFile section */

/* Begin PBXFileReference section */
		2C61299E172704370037E014 /* MapKit.framework */ = {isa = PBXFileReference; lastKnownFileType = wrapper.framework; name = MapKit.framework; path = System/Library/Frameworks/MapKit.framework; sourceTree = SDKROOT; };
		2C6129A01727046F0037E014 /* Airport.h */ = {isa = PBXFileReference; fileEncoding = 4; lastKnownFileType = sourcecode.c.h; path = Airport.h; sourceTree = "<group>"; };
		2C6129A11727046F0037E014 /* Airport.m */ = {isa = PBXFileReference; fileEncoding = 4; lastKnownFileType = sourcecode.c.objc; path = Airport.m; sourceTree = "<group>"; };
		2C6129A21727046F0037E014 /* Airports.plist */ = {isa = PBXFileReference; lastKnownFileType = file.bplist; path = Airports.plist; sourceTree = "<group>"; };
		69ED7002C4664C72D0B62D52 /* MITransaction+Subclass.h */ = {isa = PBXFileReference; fileEncoding = 4; lastKnownFileType = sourcecode.c.h; path = "MITransaction+Subclass.h"; sourceTree = "<group>"; };
		69ED702D8A2390C8E011B842 /* AppDelegate.h */ = {isa = PBXFileReference; lastKnownFileType = sourcecode.c.h; path = AppDelegate.h; sourceTree = "<group>"; };
		69ED70B1A36CE616FD651051 /* MITransaction+MIMapView.h */ = {isa = PBXFileReference; fileEncoding = 4; lastKnownFileType = sourcecode.c.h; path = "MITransaction+MIMapView.h"; sourceTree = "<group>"; };
		69ED71110763B23F8DA50640 /* Default@2x.png */ = {isa = PBXFileReference; lastKnownFileType = image.png; path = "Default@2x.png"; sourceTree = "<group>"; };
		69ED713407A54249AF2D6F8C /* Foundation.framework */ = {isa = PBXFileReference; lastKnownFileType = wrapper.framework; name = Foundation.framework; path = System/Library/Frameworks/Foundation.framework; sourceTree = SDKROOT; };
		69ED716B74B2AA2C3B664F89 /* NSValue+CLLocationCoordinate2D.h */ = {isa = PBXFileReference; fileEncoding = 4; lastKnownFileType = sourcecode.c.h; path = "NSValue+CLLocationCoordinate2D.h"; sourceTree = "<group>"; };
		69ED7274B9A51EE2646F4032 /* ViewController.m */ = {isa = PBXFileReference; lastKnownFileType = sourcecode.c.objc; path = ViewController.m; sourceTree = "<group>"; };
		69ED72A9BBF3B26263137EAA /* MIAscendingTransaction.h */ = {isa = PBXFileReference; fileEncoding = 4; lastKnownFileType = sourcecode.c.h; path = MIAscendingTransaction.h; sourceTree = "<group>"; };
		69ED72B5A0736A56F487331A /* MIDescendingTransaction.h */ = {isa = PBXFileReference; fileEncoding = 4; lastKnownFileType = sourcecode.c.h; path = MIDescendingTransaction.h; sourceTree = "<group>"; };
		69ED72E85E58EE7A0B707EF5 /* MISpatialIndex.m */ = {isa = PBXFileReference; fileEncoding = 4; lastKnownFileType = sourcecode.c.objc; path = MISpatialIndex.m; sourceTree = "<group>"; };
		69ED72E8BACB416CF3CA7DC4 /* en */ = {isa = PBXFileReference; lastKnownFileType = text.plist.strings; name = en; path = en.lproj/InfoPlist.strings; sourceTree = "<group>"; };
		69ED7304BB36CDA6D5170DBC /* MapIndex-Info.plist */ = {isa = PBXFileReference; lastKnownFileType = text.plist.info; path = "MapIndex-Info.plist"; sourceTree = "<group>"; };
		69ED737DAFB5A2A61FA935AC /* NSMutableDictionary+SetInsertion.m */ = {isa = PBXFileReference; fileEncoding = 4; lastKnownFileType = sourcecode.c.objc; path = "NSMutableDictionary+SetInsertion.m"; sourceTree = "<group>"; };
		69ED738B0615AE2A0B908266 /* MIPointList.m */ = {isa = PBXFileReference; fileEncoding = 4; lastKnownFileType = sourcecode.c.objc; path = MIPointList.m; sourceTree = "<group>"; };
		69ED73AB70D1D5BB010436B3 /* AppDelegate.m */ = {isa = PBXFileReference; lastKnownFileType = sourcecode.c.objc; path = AppDelegate.m; sourceTree = "<group>"; };
		69ED73BD914CD5C714C610A8 /* MIRegularTransaction.m */ = {isa = PBXFileReference; fileEncoding = 4; lastKnownFileType = sourcecode.c.objc; path = MIRegularTransaction.m; sourceTree = "<group>"; };
		69ED740B1E558D64C59AEB63 /* MKMapView+SDTransforms.h */ = {isa = PBXFileReference; fileEncoding = 4; lastKnownFileType = sourcecode.c.h; path = "MKMapView+SDTransforms.h"; sourceTree = "<group>"; };
		69ED748390C52F5AB39BCDC4 /* MapIndex.app */ = {isa = PBXFileReference; explicitFileType = wrapper.application; includeInIndex = 0; path = MapIndex.app; sourceTree = BUILT_PRODUCTS_DIR; };
		69ED748F282BE3E89A7751F3 /* MIPoint.h */ = {isa = PBXFileReference; fileEncoding = 4; lastKnownFileType = sourcecode.c.h; path = MIPoint.h; sourceTree = "<group>"; };
		69ED7499780A7EEDDBA599FD /* NSInvocation+SDExtension.m */ = {isa = PBXFileReference; fileEncoding = 4; lastKnownFileType = sourcecode.c.objc; path = "NSInvocation+SDExtension.m"; sourceTree = "<group>"; };
		69ED74EBBEC017C0C592A570 /* en */ = {isa = PBXFileReference; lastKnownFileType = file.xib; name = en; path = en.lproj/ViewController_iPhone.xib; sourceTree = "<group>"; };
		69ED7635C202B6EC70A91504 /* UIKit.framework */ = {isa = PBXFileReference; lastKnownFileType = wrapper.framework; name = UIKit.framework; path = System/Library/Frameworks/UIKit.framework; sourceTree = SDKROOT; };
		69ED765E0A6B37694F32FBD0 /* en */ = {isa = PBXFileReference; lastKnownFileType = file.xib; name = en; path = en.lproj/ViewController_iPad.xib; sourceTree = "<group>"; };
		69ED76B89F9F23E932FE2F8A /* MITransaction.m */ = {isa = PBXFileReference; fileEncoding = 4; lastKnownFileType = sourcecode.c.objc; path = MITransaction.m; sourceTree = "<group>"; };
		69ED7743248D76662096EDDE /* MIMapView.h */ = {isa = PBXFileReference; fileEncoding = 4; lastKnownFileType = sourcecode.c.h; path = MIMapView.h; sourceTree = "<group>"; };
		69ED77716E8A9B0DF031D819 /* MIDescendingTransaction.m */ = {isa = PBXFileReference; fileEncoding = 4; lastKnownFileType = sourcecode.c.objc; path = MIDescendingTransaction.m; sourceTree = "<group>"; };
		69ED7781C6C99234A5CA9205 /* CoreGraphics.framework */ = {isa = PBXFileReference; lastKnownFileType = wrapper.framework; name = CoreGraphics.framework; path = System/Library/Frameworks/CoreGraphics.framework; sourceTree = SDKROOT; };
		69ED77D0E6FEFAC026BB1BF9 /* NSMutableSet+SDCountTracking.h */ = {isa = PBXFileReference; fileEncoding = 4; lastKnownFileType = sourcecode.c.h; path = "NSMutableSet+SDCountTracking.h"; sourceTree = "<group>"; };
		69ED785179FBABB49F96588F /* MITransactionFactory.h */ = {isa = PBXFileReference; fileEncoding = 4; lastKnownFileType = sourcecode.c.h; path = MITransactionFactory.h; sourceTree = "<group>"; };
		69ED7935E4CD1329E30C19C3 /* MIPointList.h */ = {isa = PBXFileReference; fileEncoding = 4; lastKnownFileType = sourcecode.c.h; path = MIPointList.h; sourceTree = "<group>"; };
		69ED7957761074DA6D44F541 /* MITypes.h */ = {isa = PBXFileReference; fileEncoding = 4; lastKnownFileType = sourcecode.c.h; path = MITypes.h; sourceTree = "<group>"; };
		69ED799B7445925989764621 /* MKMapView+SDTransforms.m */ = {isa = PBXFileReference; fileEncoding = 4; lastKnownFileType = sourcecode.c.objc; path = "MKMapView+SDTransforms.m"; sourceTree = "<group>"; };
		69ED799CE4B6A06CFB6FE26C /* MISpatialIndex.h */ = {isa = PBXFileReference; fileEncoding = 4; lastKnownFileType = sourcecode.c.h; path = MISpatialIndex.h; sourceTree = "<group>"; };
		69ED7A1C9F7B99F0B52DE014 /* MIMapView+MITransaction.h */ = {isa = PBXFileReference; fileEncoding = 4; lastKnownFileType = sourcecode.c.h; path = "MIMapView+MITransaction.h"; sourceTree = "<group>"; };
		69ED7ACFEE0917A4FF8B64C0 /* MITransaction.h */ = {isa = PBXFileReference; fileEncoding = 4; lastKnownFileType = sourcecode.c.h; path = MITransaction.h; sourceTree = "<group>"; };
		69ED7AD7E5AFB75D5D69D39D /* MIQuadTree.h */ = {isa = PBXFileReference; fileEncoding = 4; lastKnownFileType = sourcecode.c.h; path = MIQuadTree.h; sourceTree = "<group>"; };
		69ED7B1FC09083BA988A70DB /* NSMutableSet+SDCountTracking.m */ = {isa = PBXFileReference; fileEncoding = 4; lastKnownFileType = sourcecode.c.objc; path = "NSMutableSet+SDCountTracking.m"; sourceTree = "<group>"; };
		69ED7B24C434DE757C263068 /* NSMutableDictionary+SetInsertion.h */ = {isa = PBXFileReference; fileEncoding = 4; lastKnownFileType = sourcecode.c.h; path = "NSMutableDictionary+SetInsertion.h"; sourceTree = "<group>"; };
		69ED7B5CF0DDA47A11299969 /* NSInvocation+SDExtension.h */ = {isa = PBXFileReference; fileEncoding = 4; lastKnownFileType = sourcecode.c.h; path = "NSInvocation+SDExtension.h"; sourceTree = "<group>"; };
		69ED7BFD7F2AF04367456608 /* ViewController.h */ = {isa = PBXFileReference; lastKnownFileType = sourcecode.c.h; path = ViewController.h; sourceTree = "<group>"; };
		69ED7C589A0A50BB8348700A /* MITransactionFactory.m */ = {isa = PBXFileReference; fileEncoding = 4; lastKnownFileType = sourcecode.c.objc; path = MITransactionFactory.m; sourceTree = "<group>"; };
		69ED7CADA671580977550D56 /* MapIndex-Prefix.pch */ = {isa = PBXFileReference; lastKnownFileType = sourcecode.c.h; path = "MapIndex-Prefix.pch"; sourceTree = "<group>"; };
		69ED7CAF2332A255279DADE0 /* MIAnnotation.h */ = {isa = PBXFileReference; fileEncoding = 4; lastKnownFileType = sourcecode.c.h; path = MIAnnotation.h; sourceTree = "<group>"; };
		69ED7CD1532159A66E70F4F8 /* MIRegularTransaction.h */ = {isa = PBXFileReference; fileEncoding = 4; lastKnownFileType = sourcecode.c.h; path = MIRegularTransaction.h; sourceTree = "<group>"; };
		69ED7D2529CC0918A667DF3C /* MIMapView.m */ = {isa = PBXFileReference; fileEncoding = 4; lastKnownFileType = sourcecode.c.objc; path = MIMapView.m; sourceTree = "<group>"; };
		69ED7D60FC166DD825E4B6FC /* MIAnnotation+Package.h */ = {isa = PBXFileReference; fileEncoding = 4; lastKnownFileType = sourcecode.c.h; path = "MIAnnotation+Package.h"; sourceTree = "<group>"; };
		69ED7D8ED150B33AFC3E0630 /* NSValue+CLLocationCoordinate2D.m */ = {isa = PBXFileReference; fileEncoding = 4; lastKnownFileType = sourcecode.c.objc; path = "NSValue+CLLocationCoordinate2D.m"; sourceTree = "<group>"; };
		69ED7D90A5F6D3EBED2ED242 /* Default-568h@2x.png */ = {isa = PBXFileReference; lastKnownFileType = image.png; path = "Default-568h@2x.png"; sourceTree = "<group>"; };
		69ED7DE87591529D6662B9AA /* MIAnnotation.m */ = {isa = PBXFileReference; fileEncoding = 4; lastKnownFileType = sourcecode.c.objc; path = MIAnnotation.m; sourceTree = "<group>"; };
		69ED7E11FD3906E4FC0A4303 /* Default.png */ = {isa = PBXFileReference; lastKnownFileType = image.png; path = Default.png; sourceTree = "<group>"; };
		69ED7EB308979E8A4D3A0A08 /* MIAscendingTransaction.m */ = {isa = PBXFileReference; fileEncoding = 4; lastKnownFileType = sourcecode.c.objc; path = MIAscendingTransaction.m; sourceTree = "<group>"; };
		69ED7EB91FEEE0C754D6BB39 /* MIUtility.h */ = {isa = PBXFileReference; fileEncoding = 4; lastKnownFileType = sourcecode.c.h; path = MIUtility.h; sourceTree = "<group>"; };
		69ED7F67AB1024622B48F306 /* MapIndex.h */ = {isa = PBXFileReference; fileEncoding = 4; lastKnownFileType = sourcecode.c.h; path = MapIndex.h; sourceTree = "<group>"; };
		69ED7FD9EFDB0538AC37AA36 /* main.m */ = {isa = PBXFileReference; lastKnownFileType = sourcecode.c.objc; path = main.m; sourceTree = "<group>"; };
		69ED7FE65388665AEEB6A113 /* MIQuadTree.m */ = {isa = PBXFileReference; fileEncoding = 4; lastKnownFileType = sourcecode.c.objc; path = MIQuadTree.m; sourceTree = "<group>"; };
/* End PBXFileReference section */

/* Begin PBXFrameworksBuildPhase section */
		69ED7FAE32A5DB2CA32C82CF /* Frameworks */ = {
			isa = PBXFrameworksBuildPhase;
			buildActionMask = 2147483647;
			files = (
				2C61299F172704370037E014 /* MapKit.framework in Frameworks */,
				69ED750150BDB4E987CDDCB8 /* UIKit.framework in Frameworks */,
				69ED776C89A658A0CDF7FAD6 /* Foundation.framework in Frameworks */,
				69ED735450CF50C09569A078 /* CoreGraphics.framework in Frameworks */,
			);
			runOnlyForDeploymentPostprocessing = 0;
		};
/* End PBXFrameworksBuildPhase section */

/* Begin PBXGroup section */
		69ED7065D8A90880A505C003 = {
			isa = PBXGroup;
			children = (
				69ED77EEFBD3F5ED50766122 /* Products */,
				69ED72739EB07DF4A1B516E1 /* Frameworks */,
				69ED77BA943A89EECFF74663 /* MapIndex */,
			);
			sourceTree = "<group>";
		};
		69ED71301A51050EF492CD0F /* Annotation */ = {
			isa = PBXGroup;
			children = (
				69ED7CAF2332A255279DADE0 /* MIAnnotation.h */,
				69ED7DE87591529D6662B9AA /* MIAnnotation.m */,
				69ED7D60FC166DD825E4B6FC /* MIAnnotation+Package.h */,
			);
			path = Annotation;
			sourceTree = "<group>";
		};
		69ED721FAFC0CCACC6E24145 /* Source */ = {
			isa = PBXGroup;
			children = (
				69ED73E75EBFAB002D41BB5B /* Map View */,
				69ED7A56A10337F80FF22CA7 /* Index */,
				69ED75640F91CD301EEBBBB1 /* Extensions */,
				69ED7F67AB1024622B48F306 /* MapIndex.h */,
				69ED7ADA2B49746A2F8671B1 /* Transactions */,
				69ED7957761074DA6D44F541 /* MITypes.h */,
				69ED7EB91FEEE0C754D6BB39 /* MIUtility.h */,
				69ED71301A51050EF492CD0F /* Annotation */,
			);
			path = Source;
			sourceTree = "<group>";
		};
		69ED72739EB07DF4A1B516E1 /* Frameworks */ = {
			isa = PBXGroup;
			children = (
				2C61299E172704370037E014 /* MapKit.framework */,
				69ED7635C202B6EC70A91504 /* UIKit.framework */,
				69ED713407A54249AF2D6F8C /* Foundation.framework */,
				69ED7781C6C99234A5CA9205 /* CoreGraphics.framework */,
			);
			name = Frameworks;
			sourceTree = "<group>";
		};
		69ED73409A9B357514C63F9E /* Supporting Files */ = {
			isa = PBXGroup;
			children = (
				69ED7304BB36CDA6D5170DBC /* MapIndex-Info.plist */,
				69ED79FBC3E1D034E6557470 /* InfoPlist.strings */,
				69ED7FD9EFDB0538AC37AA36 /* main.m */,
				69ED7CADA671580977550D56 /* MapIndex-Prefix.pch */,
				69ED7E11FD3906E4FC0A4303 /* Default.png */,
				69ED71110763B23F8DA50640 /* Default@2x.png */,
				69ED7D90A5F6D3EBED2ED242 /* Default-568h@2x.png */,
			);
			name = "Supporting Files";
			sourceTree = "<group>";
		};
		69ED73E75EBFAB002D41BB5B /* Map View */ = {
			isa = PBXGroup;
			children = (
				69ED7743248D76662096EDDE /* MIMapView.h */,
				69ED7D2529CC0918A667DF3C /* MIMapView.m */,
				69ED7A1C9F7B99F0B52DE014 /* MIMapView+MITransaction.h */,
				69ED799CE4B6A06CFB6FE26C /* MISpatialIndex.h */,
				69ED72E85E58EE7A0B707EF5 /* MISpatialIndex.m */,
			);
			path = "Map View";
			sourceTree = "<group>";
		};
		69ED75640F91CD301EEBBBB1 /* Extensions */ = {
			isa = PBXGroup;
			children = (
				69ED740B1E558D64C59AEB63 /* MKMapView+SDTransforms.h */,
				69ED799B7445925989764621 /* MKMapView+SDTransforms.m */,
				69ED7B5CF0DDA47A11299969 /* NSInvocation+SDExtension.h */,
				69ED7499780A7EEDDBA599FD /* NSInvocation+SDExtension.m */,
				69ED77D0E6FEFAC026BB1BF9 /* NSMutableSet+SDCountTracking.h */,
				69ED7B1FC09083BA988A70DB /* NSMutableSet+SDCountTracking.m */,
				69ED716B74B2AA2C3B664F89 /* NSValue+CLLocationCoordinate2D.h */,
				69ED7D8ED150B33AFC3E0630 /* NSValue+CLLocationCoordinate2D.m */,
				69ED7B24C434DE757C263068 /* NSMutableDictionary+SetInsertion.h */,
				69ED737DAFB5A2A61FA935AC /* NSMutableDictionary+SetInsertion.m */,
			);
			path = Extensions;
			sourceTree = "<group>";
		};
		69ED77BA943A89EECFF74663 /* MapIndex */ = {
			isa = PBXGroup;
			children = (
				69ED73409A9B357514C63F9E /* Supporting Files */,
				69ED702D8A2390C8E011B842 /* AppDelegate.h */,
				69ED73AB70D1D5BB010436B3 /* AppDelegate.m */,
				69ED7BFD7F2AF04367456608 /* ViewController.h */,
				69ED7274B9A51EE2646F4032 /* ViewController.m */,
				69ED74FA5CEAA590DE89AB38 /* ViewController_iPhone.xib */,
				69ED7722EFFD969CB7CA4EBB /* ViewController_iPad.xib */,
				2C6129A01727046F0037E014 /* Airport.h */,
				2C6129A11727046F0037E014 /* Airport.m */,
				2C6129A21727046F0037E014 /* Airports.plist */,
				69ED721FAFC0CCACC6E24145 /* Source */,
			);
			path = MapIndex;
			sourceTree = "<group>";
		};
		69ED77EEFBD3F5ED50766122 /* Products */ = {
			isa = PBXGroup;
			children = (
				69ED748390C52F5AB39BCDC4 /* MapIndex.app */,
			);
			name = Products;
			sourceTree = "<group>";
		};
		69ED7A56A10337F80FF22CA7 /* Index */ = {
			isa = PBXGroup;
			children = (
				69ED738B0615AE2A0B908266 /* MIPointList.m */,
				69ED7935E4CD1329E30C19C3 /* MIPointList.h */,
				69ED7FE65388665AEEB6A113 /* MIQuadTree.m */,
				69ED7AD7E5AFB75D5D69D39D /* MIQuadTree.h */,
				69ED748F282BE3E89A7751F3 /* MIPoint.h */,
			);
			path = Index;
			sourceTree = "<group>";
		};
		69ED7ADA2B49746A2F8671B1 /* Transactions */ = {
			isa = PBXGroup;
			children = (
				69ED785179FBABB49F96588F /* MITransactionFactory.h */,
				69ED7C589A0A50BB8348700A /* MITransactionFactory.m */,
				69ED7EB95D9FBC243BC2EBF1 /* Base */,
				69ED7CB6F3F069E6E4CAF9E5 /* Inherited */,
			);
			path = Transactions;
			sourceTree = "<group>";
		};
		69ED7CB6F3F069E6E4CAF9E5 /* Inherited */ = {
			isa = PBXGroup;
			children = (
				69ED72A9BBF3B26263137EAA /* MIAscendingTransaction.h */,
				69ED7EB308979E8A4D3A0A08 /* MIAscendingTransaction.m */,
				69ED72B5A0736A56F487331A /* MIDescendingTransaction.h */,
				69ED77716E8A9B0DF031D819 /* MIDescendingTransaction.m */,
				69ED7CD1532159A66E70F4F8 /* MIRegularTransaction.h */,
				69ED73BD914CD5C714C610A8 /* MIRegularTransaction.m */,
			);
			path = Inherited;
			sourceTree = "<group>";
		};
		69ED7EB95D9FBC243BC2EBF1 /* Base */ = {
			isa = PBXGroup;
			children = (
				69ED70B1A36CE616FD651051 /* MITransaction+MIMapView.h */,
				69ED7002C4664C72D0B62D52 /* MITransaction+Subclass.h */,
				69ED7ACFEE0917A4FF8B64C0 /* MITransaction.h */,
				69ED76B89F9F23E932FE2F8A /* MITransaction.m */,
			);
			path = Base;
			sourceTree = "<group>";
		};
/* End PBXGroup section */

/* Begin PBXNativeTarget section */
		69ED77A3C9CF5124323A8812 /* MapIndex */ = {
			isa = PBXNativeTarget;
			buildConfigurationList = 69ED7811AE86F711E837650C /* Build configuration list for PBXNativeTarget "MapIndex" */;
			buildPhases = (
				69ED71C8B7FAF1E0B123BAF0 /* Sources */,
				69ED7FAE32A5DB2CA32C82CF /* Frameworks */,
				69ED70B4EDAB221A3935EEF7 /* Resources */,
			);
			buildRules = (
			);
			dependencies = (
			);
			name = MapIndex;
			productName = MapIndex;
			productReference = 69ED748390C52F5AB39BCDC4 /* MapIndex.app */;
			productType = "com.apple.product-type.application";
		};
/* End PBXNativeTarget section */

/* Begin PBXProject section */
		69ED7832725459D04D6ECF81 /* Project object */ = {
			isa = PBXProject;
			attributes = {
				ORGANIZATIONNAME = dshe;
			};
			buildConfigurationList = 69ED7CC5865D468635E77346 /* Build configuration list for PBXProject "MapIndex" */;
			compatibilityVersion = "Xcode 3.2";
			developmentRegion = English;
			hasScannedForEncodings = 0;
			knownRegions = (
				en,
			);
			mainGroup = 69ED7065D8A90880A505C003;
			productRefGroup = 69ED77EEFBD3F5ED50766122 /* Products */;
			projectDirPath = "";
			projectRoot = "";
			targets = (
				69ED77A3C9CF5124323A8812 /* MapIndex */,
			);
		};
/* End PBXProject section */

/* Begin PBXResourcesBuildPhase section */
		69ED70B4EDAB221A3935EEF7 /* Resources */ = {
			isa = PBXResourcesBuildPhase;
			buildActionMask = 2147483647;
			files = (
				69ED7F956B0F475467997A26 /* InfoPlist.strings in Resources */,
				69ED7619FD2D1902F5BD6F24 /* Default.png in Resources */,
				69ED764E453BB6AB3126E1CA /* Default@2x.png in Resources */,
				69ED7390030F32E9E4333304 /* Default-568h@2x.png in Resources */,
				69ED71D31D8C1117E4DB1D03 /* ViewController_iPhone.xib in Resources */,
				69ED77C1DE5990073EAAF637 /* ViewController_iPad.xib in Resources */,
				2C6129A41727046F0037E014 /* Airports.plist in Resources */,
			);
			runOnlyForDeploymentPostprocessing = 0;
		};
/* End PBXResourcesBuildPhase section */

/* Begin PBXSourcesBuildPhase section */
		69ED71C8B7FAF1E0B123BAF0 /* Sources */ = {
			isa = PBXSourcesBuildPhase;
			buildActionMask = 2147483647;
			files = (
				69ED7AD6F418406CCE3FDA7A /* main.m in Sources */,
				69ED77DE199BF9E47E8E1A74 /* AppDelegate.m in Sources */,
				69ED7C0B6BBDD7440F635D78 /* ViewController.m in Sources */,
				2C6129A31727046F0037E014 /* Airport.m in Sources */,
				69ED7B253A3B16E6706B4B7F /* MIMapView.m in Sources */,
				69ED7024CBFB1081FEA7DDFF /* MIPointList.m in Sources */,
				69ED76EDF2C3DB68F77FFC59 /* MIQuadTree.m in Sources */,
				69ED75A06D8A0461DE86771D /* MKMapView+SDTransforms.m in Sources */,
				69ED7E6B1FAF359EAB5201E0 /* NSInvocation+SDExtension.m in Sources */,
				69ED70E70C29B3627ED90D26 /* NSMutableSet+SDCountTracking.m in Sources */,
				69ED7332823B1126D5EDDB5B /* NSValue+CLLocationCoordinate2D.m in Sources */,
				69ED74E54088EA1CBBC6C147 /* NSMutableDictionary+SetInsertion.m in Sources */,
				69ED76C3DBDE3B91847F09B5 /* MITransactionFactory.m in Sources */,
				69ED7F94A7551B1BBABA1D9A /* MITransaction.m in Sources */,
				69ED706915007AEF794490CB /* MIAscendingTransaction.m in Sources */,
				69ED7C213C9AF61C24B1C3C0 /* MIDescendingTransaction.m in Sources */,
				69ED7AABAD2CC0F1777C8C37 /* MIRegularTransaction.m in Sources */,
				69ED74EBF4855D54B5E93055 /* MISpatialIndex.m in Sources */,
				69ED705C3029606FC8D8E0B1 /* MIAnnotation.m in Sources */,
			);
			runOnlyForDeploymentPostprocessing = 0;
		};
/* End PBXSourcesBuildPhase section */

/* Begin PBXVariantGroup section */
		69ED74FA5CEAA590DE89AB38 /* ViewController_iPhone.xib */ = {
			isa = PBXVariantGroup;
			children = (
				69ED74EBBEC017C0C592A570 /* en */,
			);
			name = ViewController_iPhone.xib;
			sourceTree = "<group>";
		};
		69ED7722EFFD969CB7CA4EBB /* ViewController_iPad.xib */ = {
			isa = PBXVariantGroup;
			children = (
				69ED765E0A6B37694F32FBD0 /* en */,
			);
			name = ViewController_iPad.xib;
			sourceTree = "<group>";
		};
		69ED79FBC3E1D034E6557470 /* InfoPlist.strings */ = {
			isa = PBXVariantGroup;
			children = (
				69ED72E8BACB416CF3CA7DC4 /* en */,
			);
			name = InfoPlist.strings;
			sourceTree = "<group>";
		};
/* End PBXVariantGroup section */

/* Begin XCBuildConfiguration section */
		69ED74FC284E33F56DA10633 /* Release */ = {
			isa = XCBuildConfiguration;
			buildSettings = {
				ALWAYS_SEARCH_USER_PATHS = NO;
				CLANG_CXX_LANGUAGE_STANDARD = "gnu++0x";
				CLANG_CXX_LIBRARY = "libc++";
				CLANG_ENABLE_OBJC_ARC = YES;
				CLANG_WARN_CONSTANT_CONVERSION = YES;
				CLANG_WARN_EMPTY_BODY = YES;
				CLANG_WARN_ENUM_CONVERSION = YES;
				CLANG_WARN_INT_CONVERSION = YES;
				CLANG_WARN__DUPLICATE_METHOD_MATCH = YES;
				"CODE_SIGN_IDENTITY[sdk=iphoneos*]" = "iPhone Developer";
				COPY_PHASE_STRIP = YES;
				GCC_C_LANGUAGE_STANDARD = gnu99;
				GCC_WARN_ABOUT_RETURN_TYPE = YES;
				GCC_WARN_UNINITIALIZED_AUTOS = YES;
				GCC_WARN_UNUSED_VARIABLE = YES;
				IPHONEOS_DEPLOYMENT_TARGET = 6.1;
				OTHER_CFLAGS = "-DNS_BLOCK_ASSERTIONS=1";
				SDKROOT = iphoneos;
				TARGETED_DEVICE_FAMILY = "1,2";
				VALIDATE_PRODUCT = YES;
			};
			name = Release;
		};
		69ED752D6EB4A267962F0D8F /* Release */ = {
			isa = XCBuildConfiguration;
			buildSettings = {
				GCC_PRECOMPILE_PREFIX_HEADER = YES;
				GCC_PREFIX_HEADER = "MapIndex/MapIndex-Prefix.pch";
				GCC_PREPROCESSOR_DEFINITIONS = (
					"MI_ASSERT=0",
					"MI_C_PARAM_ASSERT=0",
				);
				INFOPLIST_FILE = "MapIndex/MapIndex-Info.plist";
				IPHONEOS_DEPLOYMENT_TARGET = 5.0;
				PRODUCT_NAME = "$(TARGET_NAME)";
				WRAPPER_EXTENSION = app;
			};
			name = Release;
		};
		69ED781C4B414F370D78CF13 /* Debug */ = {
			isa = XCBuildConfiguration;
			buildSettings = {
				GCC_PRECOMPILE_PREFIX_HEADER = YES;
				GCC_PREFIX_HEADER = "MapIndex/MapIndex-Prefix.pch";
				GCC_PREPROCESSOR_DEFINITIONS = (
					"DEBUG=1",
					"$(inherited)",
					"MI_C_PARAM_ASSERT=1",
					"MI_ASSERT=1",
				);
				INFOPLIST_FILE = "MapIndex/MapIndex-Info.plist";
				IPHONEOS_DEPLOYMENT_TARGET = 5.0;
				PRODUCT_NAME = "$(TARGET_NAME)";
				WRAPPER_EXTENSION = app;
			};
			name = Debug;
		};
		69ED7F115D159BD6BB246434 /* Debug */ = {
			isa = XCBuildConfiguration;
			buildSettings = {
				ALWAYS_SEARCH_USER_PATHS = NO;
				CLANG_CXX_LANGUAGE_STANDARD = "gnu++0x";
				CLANG_CXX_LIBRARY = "libc++";
				CLANG_ENABLE_OBJC_ARC = YES;
				CLANG_WARN_CONSTANT_CONVERSION = YES;
				CLANG_WARN_EMPTY_BODY = YES;
				CLANG_WARN_ENUM_CONVERSION = YES;
				CLANG_WARN_INT_CONVERSION = YES;
				CLANG_WARN__DUPLICATE_METHOD_MATCH = YES;
				"CODE_SIGN_IDENTITY[sdk=iphoneos*]" = "iPhone Developer";
				COPY_PHASE_STRIP = NO;
				GCC_C_LANGUAGE_STANDARD = gnu99;
				GCC_DYNAMIC_NO_PIC = NO;
				GCC_OPTIMIZATION_LEVEL = 0;
				GCC_PREPROCESSOR_DEFINITIONS = (
					"DEBUG=1",
					"$(inherited)",
				);
				GCC_SYMBOLS_PRIVATE_EXTERN = NO;
				GCC_WARN_ABOUT_RETURN_TYPE = YES;
				GCC_WARN_UNINITIALIZED_AUTOS = YES;
				GCC_WARN_UNUSED_VARIABLE = YES;
				IPHONEOS_DEPLOYMENT_TARGET = 6.1;
				ONLY_ACTIVE_ARCH = YES;
				SDKROOT = iphoneos;
				TARGETED_DEVICE_FAMILY = "1,2";
			};
			name = Debug;
		};
/* End XCBuildConfiguration section */

/* Begin XCConfigurationList section */
		69ED7811AE86F711E837650C /* Build configuration list for PBXNativeTarget "MapIndex" */ = {
			isa = XCConfigurationList;
			buildConfigurations = (
				69ED752D6EB4A267962F0D8F /* Release */,
				69ED781C4B414F370D78CF13 /* Debug */,
			);
			defaultConfigurationIsVisible = 0;
			defaultConfigurationName = Release;
		};
		69ED7CC5865D468635E77346 /* Build configuration list for PBXProject "MapIndex" */ = {
			isa = XCConfigurationList;
			buildConfigurations = (
				69ED74FC284E33F56DA10633 /* Release */,
				69ED7F115D159BD6BB246434 /* Debug */,
			);
			defaultConfigurationIsVisible = 0;
			defaultConfigurationName = Release;
		};
/* End XCConfigurationList section */
	};
	rootObject = 69ED7832725459D04D6ECF81 /* Project object */;
}
